
Microsoft Visual Studio Solution File, Format Version 12.00
Project("{FAE04EC0-301F-11D3-BF4B-00C04F79EFBC}") = "CCAnonymizer", "CCAnonymizer\CCAnonymizer.csproj", "{8496FADA-56E8-41CB-8583-AC1933CD790D}"
EndProject
Global
	GlobalSection(SolutionConfigurationPlatforms) = preSolution
		Debug|Any CPU = Debug|Any CPU
		Release|Any CPU = Release|Any CPU
	EndGlobalSection
	GlobalSection(ProjectConfigurationPlatforms) = postSolution
		{8496FADA-56E8-41CB-8583-AC1933CD790D}.Release|Any CPU.ActiveCfg = Release|Any CPU
		{8496FADA-56E8-41CB-8583-AC1933CD790D}.Release|Any CPU.Build.0 = Release|Any CPU
		{8496FADA-56E8-41CB-8583-AC1933CD790D}.Debug|Any CPU.ActiveCfg = Debug|x64
		{8496FADA-56E8-41CB-8583-AC1933CD790D}.Debug|Any CPU.Build.0 = Debug|x64
		{8496FADA-56E8-41CB-8583-AC1933CD790D}.Debug|Any CPU.Deploy.0 = Debug|x64
	EndGlobalSection
EndGlobal
